// !$*UTF8*$!
{
	archiveVersion = 1;
	classes = {
	};
	objectVersion = 46;
	objects = {

/* Begin PBXBuildFile section */
		0589CBC21BD29BB3003C5C90 /* main.cpp in Sources */ = {isa = PBXBuildFile; fileRef = 0589CBC11BD29BB3003C5C90 /* main.cpp */; };
/* End PBXBuildFile section */

/* Begin PBXCopyFilesBuildPhase section */
		0589CBBC1BD29BB3003C5C90 /* CopyFiles */ = {
			isa = PBXCopyFilesBuildPhase;
			buildActionMask = 2147483647;
			dstPath = /usr/share/man/man1/;
			dstSubfolderSpec = 0;
			files = (
			);
			runOnlyForDeploymentPostprocessing = 1;
		};
/* End PBXCopyFilesBuildPhase section */

/* Begin PBXFileReference section */
		0589CBBE1BD29BB3003C5C90 /* InstanceViaPrivateConstructor */ = {isa = PBXFileReference; explicitFileType = "compiled.mach-o.executable"; includeInIndex = 0; path = InstanceViaPrivateConstructor; sourceTree = BUILT_PRODUCTS_DIR; };
		0589CBC11BD29BB3003C5C90 /* main.cpp */ = {isa = PBXFileReference; lastKnownFileType = sourcecode.cpp.cpp; path = main.cpp; sourceTree = "<group>"; };
/* End PBXFileReference section */

/* Begin PBXFrameworksBuildPhase section */
		0589CBBB1BD29BB3003C5C90 /* Frameworks */ = {
			isa = PBXFrameworksBuildPhase;
			buildActionMask = 2147483647;
			files = (
			);
			runOnlyForDeploymentPostprocessing = 0;
		};
/* End PBXFrameworksBuildPhase section */

/* Begin PBXGroup section */
		0589CBB51BD29BB3003C5C90 = {
			isa = PBXGroup;
			children = (
				0589CBC01BD29BB3003C5C90 /* InstanceViaPrivateConstructor */,
				0589CBBF1BD29BB3003C5C90 /* Products */,
			);
			sourceTree = "<group>";
		};
		0589CBBF1BD29BB3003C5C90 /* Products */ = {
			isa = PBXGroup;
			children = (
				0589CBBE1BD29BB3003C5C90 /* InstanceViaPrivateConstructor */,
			);
			name = Products;
			sourceTree = "<group>";
		};
		0589CBC01BD29BB3003C5C90 /* InstanceViaPrivateConstructor */ = {
			isa = PBXGroup;
			children = (
				0589CBC11BD29BB3003C5C90 /* main.cpp */,
			);
			path = InstanceViaPrivateConstructor;
			sourceTree = "<group>";
		};
/* End PBXGroup section */

/* Begin PBXNativeTarget section */
		0589CBBD1BD29BB3003C5C90 /* InstanceViaPrivateConstructor */ = {
			isa = PBXNativeTarget;
			buildConfigurationList = 0589CBC51BD29BB3003C5C90 /* Build configuration list for PBXNativeTarget "InstanceViaPrivateConstructor" */;
			buildPhases = (
				0589CBBA1BD29BB3003C5C90 /* Sources */,
				0589CBBB1BD29BB3003C5C90 /* Frameworks */,
				0589CBBC1BD29BB3003C5C90 /* CopyFiles */,
			);
			buildRules = (
			);
			dependencies = (
			);
			name = InstanceViaPrivateConstructor;
			productName = InstanceViaPrivateConstructor;
			productReference = 0589CBBE1BD29BB3003C5C90 /* InstanceViaPrivateConstructor */;
			productType = "com.apple.product-type.tool";
		};
/* End PBXNativeTarget section */

/* Begin PBXProject section */
		0589CBB61BD29BB3003C5C90 /* Project object */ = {
			isa = PBXProject;
			attributes = {
				LastUpgradeCheck = 0640;
				ORGANIZATIONNAME = "Informatik-007";
				TargetAttributes = {
					0589CBBD1BD29BB3003C5C90 = {
						CreatedOnToolsVersion = 6.4;
					};
				};
			};
			buildConfigurationList = 0589CBB91BD29BB3003C5C90 /* Build configuration list for PBXProject "InstanceViaPrivateConstructor" */;
			compatibilityVersion = "Xcode 3.2";
			developmentRegion = English;
			hasScannedForEncodings = 0;
			knownRegions = (
				en,
			);
			mainGroup = 0589CBB51BD29BB3003C5C90;
			productRefGroup = 0589CBBF1BD29BB3003C5C90 /* Products */;
			projectDirPath = "";
			projectRoot = "";
			targets = (
				0589CBBD1BD29BB3003C5C90 /* InstanceViaPrivateConstructor */,
			);
		};
/* End PBXProject section */

/* Begin PBXSourcesBuildPhase section */
		0589CBBA1BD29BB3003C5C90 /* Sources */ = {
			isa = PBXSourcesBuildPhase;
			buildActionMask = 2147483647;
			files = (
				0589CBC21BD29BB3003C5C90 /* main.cpp in Sources */,
			);
			runOnlyForDeploymentPostprocessing = 0;
		};
/* End PBXSourcesBuildPhase section */

/* Begin XCBuildConfiguration section */
		0589CBC31BD29BB3003C5C90 /* Debug */ = {
			isa = XCBuildConfiguration;
			buildSettings = {
				ALWAYS_SEARCH_USER_PATHS = NO;
				CLANG_CXX_LANGUAGE_STANDARD = "gnu++0x";
				CLANG_CXX_LIBRARY = "libc++";
				CLANG_ENABLE_MODULES = YES;
				CLANG_ENABLE_OBJC_ARC = YES;
				CLANG_WARN_BOOL_CONVERSION = YES;
				CLANG_WARN_CONSTANT_CONVERSION = YES;
				CLANG_WARN_DIRECT_OBJC_ISA_USAGE = YES_ERROR;
				CLANG_WARN_EMPTY_BODY = YES;
				CLANG_WARN_ENUM_CONVERSION = YES;
				CLANG_WARN_INT_CONVERSION = YES;
				CLANG_WARN_OBJC_ROOT_CLASS = YES_ERROR;
				CLANG_WARN_UNREACHABLE_CODE = YES;
				CLANG_WARN__DUPLICATE_METHOD_MATCH = YES;
				COPY_PHASE_STRIP = NO;
				DEBUG_INFORMATION_FORMAT = dwarf;
				ENABLE_STRICT_OBJC_MSGSEND = YES;
				GCC_C_LANGUAGE_STANDARD = gnu99;
				GCC_DYNAMIC_NO_PIC = NO;
				GCC_NO_COMMON_BLOCKS = YES;
				GCC_OPTIMIZATION_LEVEL = 0;
				GCC_PREPROCESSOR_DEFINITIONS = (
					"DEBUG=1",
					"$(inherited)",
				);
				GCC_SYMBOLS_PRIVATE_EXTERN = NO;
				GCC_WARN_64_TO_32_BIT_CONVERSION = YES;
				GCC_WARN_ABOUT_RETURN_TYPE = YES_ERROR;
				GCC_WARN_UNDECLARED_SELECTOR = YES;
				GCC_WARN_UNINITIALIZED_AUTOS = YES_AGGRESSIVE;
				GCC_WARN_UNUSED_FUNCTION = YES;
				GCC_WARN_UNUSED_VARIABLE = YES;
				MACOSX_DEPLOYMENT_TARGET = 10.10;
				MTL_ENABLE_DEBUG_INFO = YES;
				ONLY_ACTIVE_ARCH = YES;
				SDKROOT = macosx;
			};
			name = Debug;
		};
		0589CBC41BD29BB3003C5C90 /* Release */ = {
			isa = XCBuildConfiguration;
			buildSettings = {
				ALWAYS_SEARCH_USER_PATHS = NO;
				CLANG_CXX_LANGUAGE_STANDARD = "gnu++0x";
				CLANG_CXX_LIBRARY = "libc++";
				CLANG_ENABLE_MODULES = YES;
				CLANG_ENABLE_OBJC_ARC = YES;
				CLANG_WARN_BOOL_CONVERSION = YES;
				CLANG_WARN_CONSTANT_CONVERSION = YES;
				CLANG_WARN_DIRECT_OBJC_ISA_USAGE = YES_ERROR;
				CLANG_WARN_EMPTY_BODY = YES;
				CLANG_WARN_ENUM_CONVERSION = YES;
				CLANG_WARN_INT_CONVERSION = YES;
				CLANG_WARN_OBJC_ROOT_CLASS = YES_ERROR;
				CLANG_WARN_UNREACHABLE_CODE = YES;
				CLANG_WARN__DUPLICATE_METHOD_MATCH = YES;
				COPY_PHASE_STRIP = NO;
				DEBUG_INFORMATION_FORMAT = "dwarf-with-dsym";
				ENABLE_NS_ASSERTIONS = NO;
				ENABLE_STRICT_OBJC_MSGSEND = YES;
				GCC_C_LANGUAGE_STANDARD = gnu99;
				GCC_NO_COMMON_BLOCKS = YES;
				GCC_WARN_64_TO_32_BIT_CONVERSION = YES;
				GCC_WARN_ABOUT_RETURN_TYPE = YES_ERROR;
				GCC_WARN_UNDECLARED_SELECTOR = YES;
				GCC_WARN_UNINITIALIZED_AUTOS = YES_AGGRESSIVE;
				GCC_WARN_UNUSED_FUNCTION = YES;
				GCC_WARN_UNUSED_VARIABLE = YES;
				MACOSX_DEPLOYMENT_TARGET = 10.10;
				MTL_ENABLE_DEBUG_INFO = NO;
				SDKROOT = macosx;
			};
			name = Release;
		};
		0589CBC61BD29BB3003C5C90 /* Debug */ = {
			isa = XCBuildConfiguration;
			buildSettings = {
				PRODUCT_NAME = "$(TARGET_NAME)";
			};
			name = Debug;
		};
		0589CBC71BD29BB3003C5C90 /* Release */ = {
			isa = XCBuildConfiguration;
			buildSettings = {
				PRODUCT_NAME = "$(TARGET_NAME)";
			};
			name = Release;
		};
/* End XCBuildConfiguration section */

/* Begin XCConfigurationList section */
		0589CBB91BD29BB3003C5C90 /* Build configuration list for PBXProject "InstanceViaPrivateConstructor" */ = {
			isa = XCConfigurationList;
			buildConfigurations = (
				0589CBC31BD29BB3003C5C90 /* Debug */,
				0589CBC41BD29BB3003C5C90 /* Release */,
			);
			defaultConfigurationIsVisible = 0;
			defaultConfigurationName = Release;
		};
		0589CBC51BD29BB3003C5C90 /* Build configuration list for PBXNativeTarget "InstanceViaPrivateConstructor" */ = {
			isa = XCConfigurationList;
			buildConfigurations = (
				0589CBC61BD29BB3003C5C90 /* Debug */,
				0589CBC71BD29BB3003C5C90 /* Release */,
			);
			defaultConfigurationIsVisible = 0;
		};
/* End XCConfigurationList section */
	};
	rootObject = 0589CBB61BD29BB3003C5C90 /* Project object */;
}
