// !$*UTF8*$!
{
	archiveVersion = 1;
	classes = {
	};
	objectVersion = 46;
	objects = {

/* Begin PBXBuildFile section */
		05E6D7FD1C171709005C3624 /* main.cpp in Sources */ = {isa = PBXBuildFile; fileRef = 05E6D7FC1C171709005C3624 /* main.cpp */; };
/* End PBXBuildFile section */

/* Begin PBXCopyFilesBuildPhase section */
		05E6D7F71C171709005C3624 /* CopyFiles */ = {
			isa = PBXCopyFilesBuildPhase;
			buildActionMask = 2147483647;
			dstPath = /usr/share/man/man1/;
			dstSubfolderSpec = 0;
			files = (
			);
			runOnlyForDeploymentPostprocessing = 1;
		};
/* End PBXCopyFilesBuildPhase section */

/* Begin PBXFileReference section */
		05E6D7F91C171709005C3624 /* LevenshteinDistance */ = {isa = PBXFileReference; explicitFileType = "compiled.mach-o.executable"; includeInIndex = 0; path = LevenshteinDistance; sourceTree = BUILT_PRODUCTS_DIR; };
		05E6D7FC1C171709005C3624 /* main.cpp */ = {isa = PBXFileReference; lastKnownFileType = sourcecode.cpp.cpp; path = main.cpp; sourceTree = "<group>"; };
/* End PBXFileReference section */

/* Begin PBXFrameworksBuildPhase section */
		05E6D7F61C171709005C3624 /* Frameworks */ = {
			isa = PBXFrameworksBuildPhase;
			buildActionMask = 2147483647;
			files = (
			);
			runOnlyForDeploymentPostprocessing = 0;
		};
/* End PBXFrameworksBuildPhase section */

/* Begin PBXGroup section */
		05E6D7F01C171709005C3624 = {
			isa = PBXGroup;
			children = (
				05E6D7FB1C171709005C3624 /* LevenshteinDistance */,
				05E6D7FA1C171709005C3624 /* Products */,
			);
			sourceTree = "<group>";
		};
		05E6D7FA1C171709005C3624 /* Products */ = {
			isa = PBXGroup;
			children = (
				05E6D7F91C171709005C3624 /* LevenshteinDistance */,
			);
			name = Products;
			sourceTree = "<group>";
		};
		05E6D7FB1C171709005C3624 /* LevenshteinDistance */ = {
			isa = PBXGroup;
			children = (
				05E6D7FC1C171709005C3624 /* main.cpp */,
			);
			path = LevenshteinDistance;
			sourceTree = "<group>";
		};
/* End PBXGroup section */

/* Begin PBXNativeTarget section */
		05E6D7F81C171709005C3624 /* LevenshteinDistance */ = {
			isa = PBXNativeTarget;
			buildConfigurationList = 05E6D8001C171709005C3624 /* Build configuration list for PBXNativeTarget "LevenshteinDistance" */;
			buildPhases = (
				05E6D7F51C171709005C3624 /* Sources */,
				05E6D7F61C171709005C3624 /* Frameworks */,
				05E6D7F71C171709005C3624 /* CopyFiles */,
			);
			buildRules = (
			);
			dependencies = (
			);
			name = LevenshteinDistance;
			productName = LevenshteinDistance;
			productReference = 05E6D7F91C171709005C3624 /* LevenshteinDistance */;
			productType = "com.apple.product-type.tool";
		};
/* End PBXNativeTarget section */

/* Begin PBXProject section */
		05E6D7F11C171709005C3624 /* Project object */ = {
			isa = PBXProject;
			attributes = {
				LastUpgradeCheck = 0700;
				ORGANIZATIONNAME = "Informatik-007";
				TargetAttributes = {
					05E6D7F81C171709005C3624 = {
						CreatedOnToolsVersion = 7.0;
					};
				};
			};
			buildConfigurationList = 05E6D7F41C171709005C3624 /* Build configuration list for PBXProject "LevenshteinDistance" */;
			compatibilityVersion = "Xcode 3.2";
			developmentRegion = English;
			hasScannedForEncodings = 0;
			knownRegions = (
				en,
			);
			mainGroup = 05E6D7F01C171709005C3624;
			productRefGroup = 05E6D7FA1C171709005C3624 /* Products */;
			projectDirPath = "";
			projectRoot = "";
			targets = (
				05E6D7F81C171709005C3624 /* LevenshteinDistance */,
			);
		};
/* End PBXProject section */

/* Begin PBXSourcesBuildPhase section */
		05E6D7F51C171709005C3624 /* Sources */ = {
			isa = PBXSourcesBuildPhase;
			buildActionMask = 2147483647;
			files = (
				05E6D7FD1C171709005C3624 /* main.cpp in Sources */,
			);
			runOnlyForDeploymentPostprocessing = 0;
		};
/* End PBXSourcesBuildPhase section */

/* Begin XCBuildConfiguration section */
		05E6D7FE1C171709005C3624 /* Debug */ = {
			isa = XCBuildConfiguration;
			buildSettings = {
				ALWAYS_SEARCH_USER_PATHS = NO;
				CLANG_CXX_LANGUAGE_STANDARD = "gnu++0x";
				CLANG_CXX_LIBRARY = "libc++";
				CLANG_ENABLE_MODULES = YES;
				CLANG_ENABLE_OBJC_ARC = YES;
				CLANG_WARN_BOOL_CONVERSION = YES;
				CLANG_WARN_CONSTANT_CONVERSION = YES;
				CLANG_WARN_DIRECT_OBJC_ISA_USAGE = YES_ERROR;
				CLANG_WARN_EMPTY_BODY = YES;
				CLANG_WARN_ENUM_CONVERSION = YES;
				CLANG_WARN_INT_CONVERSION = YES;
				CLANG_WARN_OBJC_ROOT_CLASS = YES_ERROR;
				CLANG_WARN_UNREACHABLE_CODE = YES;
				CLANG_WARN__DUPLICATE_METHOD_MATCH = YES;
				COPY_PHASE_STRIP = NO;
				DEBUG_INFORMATION_FORMAT = dwarf;
				ENABLE_STRICT_OBJC_MSGSEND = YES;
				ENABLE_TESTABILITY = YES;
				GCC_C_LANGUAGE_STANDARD = gnu99;
				GCC_DYNAMIC_NO_PIC = NO;
				GCC_NO_COMMON_BLOCKS = YES;
				GCC_OPTIMIZATION_LEVEL = 0;
				GCC_PREPROCESSOR_DEFINITIONS = (
					"DEBUG=1",
					"$(inherited)",
				);
				GCC_WARN_64_TO_32_BIT_CONVERSION = YES;
				GCC_WARN_ABOUT_RETURN_TYPE = YES_ERROR;
				GCC_WARN_UNDECLARED_SELECTOR = YES;
				GCC_WARN_UNINITIALIZED_AUTOS = YES_AGGRESSIVE;
				GCC_WARN_UNUSED_FUNCTION = YES;
				GCC_WARN_UNUSED_VARIABLE = YES;
				MACOSX_DEPLOYMENT_TARGET = 10.10;
				MTL_ENABLE_DEBUG_INFO = YES;
				ONLY_ACTIVE_ARCH = YES;
				SDKROOT = macosx;
			};
			name = Debug;
		};
		05E6D7FF1C171709005C3624 /* Release */ = {
			isa = XCBuildConfiguration;
			buildSettings = {
				ALWAYS_SEARCH_USER_PATHS = NO;
				CLANG_CXX_LANGUAGE_STANDARD = "gnu++0x";
				CLANG_CXX_LIBRARY = "libc++";
				CLANG_ENABLE_MODULES = YES;
				CLANG_ENABLE_OBJC_ARC = YES;
				CLANG_WARN_BOOL_CONVERSION = YES;
				CLANG_WARN_CONSTANT_CONVERSION = YES;
				CLANG_WARN_DIRECT_OBJC_ISA_USAGE = YES_ERROR;
				CLANG_WARN_EMPTY_BODY = YES;
				CLANG_WARN_ENUM_CONVERSION = YES;
				CLANG_WARN_INT_CONVERSION = YES;
				CLANG_WARN_OBJC_ROOT_CLASS = YES_ERROR;
				CLANG_WARN_UNREACHABLE_CODE = YES;
				CLANG_WARN__DUPLICATE_METHOD_MATCH = YES;
				COPY_PHASE_STRIP = NO;
				DEBUG_INFORMATION_FORMAT = "dwarf-with-dsym";
				ENABLE_NS_ASSERTIONS = NO;
				ENABLE_STRICT_OBJC_MSGSEND = YES;
				GCC_C_LANGUAGE_STANDARD = gnu99;
				GCC_NO_COMMON_BLOCKS = YES;
				GCC_WARN_64_TO_32_BIT_CONVERSION = YES;
				GCC_WARN_ABOUT_RETURN_TYPE = YES_ERROR;
				GCC_WARN_UNDECLARED_SELECTOR = YES;
				GCC_WARN_UNINITIALIZED_AUTOS = YES_AGGRESSIVE;
				GCC_WARN_UNUSED_FUNCTION = YES;
				GCC_WARN_UNUSED_VARIABLE = YES;
				MACOSX_DEPLOYMENT_TARGET = 10.10;
				MTL_ENABLE_DEBUG_INFO = NO;
				SDKROOT = macosx;
			};
			name = Release;
		};
		05E6D8011C171709005C3624 /* Debug */ = {
			isa = XCBuildConfiguration;
			buildSettings = {
				PRODUCT_NAME = "$(TARGET_NAME)";
			};
			name = Debug;
		};
		05E6D8021C171709005C3624 /* Release */ = {
			isa = XCBuildConfiguration;
			buildSettings = {
				PRODUCT_NAME = "$(TARGET_NAME)";
			};
			name = Release;
		};
/* End XCBuildConfiguration section */

/* Begin XCConfigurationList section */
		05E6D7F41C171709005C3624 /* Build configuration list for PBXProject "LevenshteinDistance" */ = {
			isa = XCConfigurationList;
			buildConfigurations = (
				05E6D7FE1C171709005C3624 /* Debug */,
				05E6D7FF1C171709005C3624 /* Release */,
			);
			defaultConfigurationIsVisible = 0;
			defaultConfigurationName = Release;
		};
		05E6D8001C171709005C3624 /* Build configuration list for PBXNativeTarget "LevenshteinDistance" */ = {
			isa = XCConfigurationList;
			buildConfigurations = (
				05E6D8011C171709005C3624 /* Debug */,
				05E6D8021C171709005C3624 /* Release */,
			);
			defaultConfigurationIsVisible = 0;
		};
/* End XCConfigurationList section */
	};
	rootObject = 05E6D7F11C171709005C3624 /* Project object */;
}
