// !$*UTF8*$!
{
	archiveVersion = 1;
	classes = {
	};
	objectVersion = 46;
	objects = {

/* Begin PBXBuildFile section */
		05621DB11BE52A5800B38613 /* main.cpp in Sources */ = {isa = PBXBuildFile; fileRef = 05621DB01BE52A5800B38613 /* main.cpp */; };
/* End PBXBuildFile section */

/* Begin PBXCopyFilesBuildPhase section */
		05621DAB1BE52A5800B38613 /* CopyFiles */ = {
			isa = PBXCopyFilesBuildPhase;
			buildActionMask = 2147483647;
			dstPath = /usr/share/man/man1/;
			dstSubfolderSpec = 0;
			files = (
			);
			runOnlyForDeploymentPostprocessing = 1;
		};
/* End PBXCopyFilesBuildPhase section */

/* Begin PBXFileReference section */
		05621DAD1BE52A5800B38613 /* MinimumSearchFunctionUsingTempates */ = {isa = PBXFileReference; explicitFileType = "compiled.mach-o.executable"; includeInIndex = 0; path = MinimumSearchFunctionUsingTempates; sourceTree = BUILT_PRODUCTS_DIR; };
		05621DB01BE52A5800B38613 /* main.cpp */ = {isa = PBXFileReference; lastKnownFileType = sourcecode.cpp.cpp; path = main.cpp; sourceTree = "<group>"; };
/* End PBXFileReference section */

/* Begin PBXFrameworksBuildPhase section */
		05621DAA1BE52A5800B38613 /* Frameworks */ = {
			isa = PBXFrameworksBuildPhase;
			buildActionMask = 2147483647;
			files = (
			);
			runOnlyForDeploymentPostprocessing = 0;
		};
/* End PBXFrameworksBuildPhase section */

/* Begin PBXGroup section */
		05621DA41BE52A5800B38613 = {
			isa = PBXGroup;
			children = (
				05621DAF1BE52A5800B38613 /* MinimumSearchFunctionUsingTempates */,
				05621DAE1BE52A5800B38613 /* Products */,
			);
			sourceTree = "<group>";
		};
		05621DAE1BE52A5800B38613 /* Products */ = {
			isa = PBXGroup;
			children = (
				05621DAD1BE52A5800B38613 /* MinimumSearchFunctionUsingTempates */,
			);
			name = Products;
			sourceTree = "<group>";
		};
		05621DAF1BE52A5800B38613 /* MinimumSearchFunctionUsingTempates */ = {
			isa = PBXGroup;
			children = (
				05621DB01BE52A5800B38613 /* main.cpp */,
			);
			path = MinimumSearchFunctionUsingTempates;
			sourceTree = "<group>";
		};
/* End PBXGroup section */

/* Begin PBXNativeTarget section */
		05621DAC1BE52A5800B38613 /* MinimumSearchFunctionUsingTempates */ = {
			isa = PBXNativeTarget;
			buildConfigurationList = 05621DB41BE52A5800B38613 /* Build configuration list for PBXNativeTarget "MinimumSearchFunctionUsingTempates" */;
			buildPhases = (
				05621DA91BE52A5800B38613 /* Sources */,
				05621DAA1BE52A5800B38613 /* Frameworks */,
				05621DAB1BE52A5800B38613 /* CopyFiles */,
			);
			buildRules = (
			);
			dependencies = (
			);
			name = MinimumSearchFunctionUsingTempates;
			productName = MinimumSearchFunctionUsingTempates;
			productReference = 05621DAD1BE52A5800B38613 /* MinimumSearchFunctionUsingTempates */;
			productType = "com.apple.product-type.tool";
		};
/* End PBXNativeTarget section */

/* Begin PBXProject section */
		05621DA51BE52A5800B38613 /* Project object */ = {
			isa = PBXProject;
			attributes = {
				LastUpgradeCheck = 0700;
				ORGANIZATIONNAME = "Informatik-007";
				TargetAttributes = {
					05621DAC1BE52A5800B38613 = {
						CreatedOnToolsVersion = 7.0;
					};
				};
			};
			buildConfigurationList = 05621DA81BE52A5800B38613 /* Build configuration list for PBXProject "MinimumSearchFunctionUsingTempates" */;
			compatibilityVersion = "Xcode 3.2";
			developmentRegion = English;
			hasScannedForEncodings = 0;
			knownRegions = (
				en,
			);
			mainGroup = 05621DA41BE52A5800B38613;
			productRefGroup = 05621DAE1BE52A5800B38613 /* Products */;
			projectDirPath = "";
			projectRoot = "";
			targets = (
				05621DAC1BE52A5800B38613 /* MinimumSearchFunctionUsingTempates */,
			);
		};
/* End PBXProject section */

/* Begin PBXSourcesBuildPhase section */
		05621DA91BE52A5800B38613 /* Sources */ = {
			isa = PBXSourcesBuildPhase;
			buildActionMask = 2147483647;
			files = (
				05621DB11BE52A5800B38613 /* main.cpp in Sources */,
			);
			runOnlyForDeploymentPostprocessing = 0;
		};
/* End PBXSourcesBuildPhase section */

/* Begin XCBuildConfiguration section */
		05621DB21BE52A5800B38613 /* Debug */ = {
			isa = XCBuildConfiguration;
			buildSettings = {
				ALWAYS_SEARCH_USER_PATHS = NO;
				CLANG_CXX_LANGUAGE_STANDARD = "gnu++0x";
				CLANG_CXX_LIBRARY = "libc++";
				CLANG_ENABLE_MODULES = YES;
				CLANG_ENABLE_OBJC_ARC = YES;
				CLANG_WARN_BOOL_CONVERSION = YES;
				CLANG_WARN_CONSTANT_CONVERSION = YES;
				CLANG_WARN_DIRECT_OBJC_ISA_USAGE = YES_ERROR;
				CLANG_WARN_EMPTY_BODY = YES;
				CLANG_WARN_ENUM_CONVERSION = YES;
				CLANG_WARN_INT_CONVERSION = YES;
				CLANG_WARN_OBJC_ROOT_CLASS = YES_ERROR;
				CLANG_WARN_UNREACHABLE_CODE = YES;
				CLANG_WARN__DUPLICATE_METHOD_MATCH = YES;
				COPY_PHASE_STRIP = NO;
				DEBUG_INFORMATION_FORMAT = dwarf;
				ENABLE_STRICT_OBJC_MSGSEND = YES;
				ENABLE_TESTABILITY = YES;
				GCC_C_LANGUAGE_STANDARD = gnu99;
				GCC_DYNAMIC_NO_PIC = NO;
				GCC_NO_COMMON_BLOCKS = YES;
				GCC_OPTIMIZATION_LEVEL = 0;
				GCC_PREPROCESSOR_DEFINITIONS = (
					"DEBUG=1",
					"$(inherited)",
				);
				GCC_WARN_64_TO_32_BIT_CONVERSION = YES;
				GCC_WARN_ABOUT_RETURN_TYPE = YES_ERROR;
				GCC_WARN_UNDECLARED_SELECTOR = YES;
				GCC_WARN_UNINITIALIZED_AUTOS = YES_AGGRESSIVE;
				GCC_WARN_UNUSED_FUNCTION = YES;
				GCC_WARN_UNUSED_VARIABLE = YES;
				MACOSX_DEPLOYMENT_TARGET = 10.10;
				MTL_ENABLE_DEBUG_INFO = YES;
				ONLY_ACTIVE_ARCH = YES;
				SDKROOT = macosx;
			};
			name = Debug;
		};
		05621DB31BE52A5800B38613 /* Release */ = {
			isa = XCBuildConfiguration;
			buildSettings = {
				ALWAYS_SEARCH_USER_PATHS = NO;
				CLANG_CXX_LANGUAGE_STANDARD = "gnu++0x";
				CLANG_CXX_LIBRARY = "libc++";
				CLANG_ENABLE_MODULES = YES;
				CLANG_ENABLE_OBJC_ARC = YES;
				CLANG_WARN_BOOL_CONVERSION = YES;
				CLANG_WARN_CONSTANT_CONVERSION = YES;
				CLANG_WARN_DIRECT_OBJC_ISA_USAGE = YES_ERROR;
				CLANG_WARN_EMPTY_BODY = YES;
				CLANG_WARN_ENUM_CONVERSION = YES;
				CLANG_WARN_INT_CONVERSION = YES;
				CLANG_WARN_OBJC_ROOT_CLASS = YES_ERROR;
				CLANG_WARN_UNREACHABLE_CODE = YES;
				CLANG_WARN__DUPLICATE_METHOD_MATCH = YES;
				COPY_PHASE_STRIP = NO;
				DEBUG_INFORMATION_FORMAT = "dwarf-with-dsym";
				ENABLE_NS_ASSERTIONS = NO;
				ENABLE_STRICT_OBJC_MSGSEND = YES;
				GCC_C_LANGUAGE_STANDARD = gnu99;
				GCC_NO_COMMON_BLOCKS = YES;
				GCC_WARN_64_TO_32_BIT_CONVERSION = YES;
				GCC_WARN_ABOUT_RETURN_TYPE = YES_ERROR;
				GCC_WARN_UNDECLARED_SELECTOR = YES;
				GCC_WARN_UNINITIALIZED_AUTOS = YES_AGGRESSIVE;
				GCC_WARN_UNUSED_FUNCTION = YES;
				GCC_WARN_UNUSED_VARIABLE = YES;
				MACOSX_DEPLOYMENT_TARGET = 10.10;
				MTL_ENABLE_DEBUG_INFO = NO;
				SDKROOT = macosx;
			};
			name = Release;
		};
		05621DB51BE52A5800B38613 /* Debug */ = {
			isa = XCBuildConfiguration;
			buildSettings = {
				PRODUCT_NAME = "$(TARGET_NAME)";
			};
			name = Debug;
		};
		05621DB61BE52A5800B38613 /* Release */ = {
			isa = XCBuildConfiguration;
			buildSettings = {
				PRODUCT_NAME = "$(TARGET_NAME)";
			};
			name = Release;
		};
/* End XCBuildConfiguration section */

/* Begin XCConfigurationList section */
		05621DA81BE52A5800B38613 /* Build configuration list for PBXProject "MinimumSearchFunctionUsingTempates" */ = {
			isa = XCConfigurationList;
			buildConfigurations = (
				05621DB21BE52A5800B38613 /* Debug */,
				05621DB31BE52A5800B38613 /* Release */,
			);
			defaultConfigurationIsVisible = 0;
			defaultConfigurationName = Release;
		};
		05621DB41BE52A5800B38613 /* Build configuration list for PBXNativeTarget "MinimumSearchFunctionUsingTempates" */ = {
			isa = XCConfigurationList;
			buildConfigurations = (
				05621DB51BE52A5800B38613 /* Debug */,
				05621DB61BE52A5800B38613 /* Release */,
			);
			defaultConfigurationIsVisible = 0;
		};
/* End XCConfigurationList section */
	};
	rootObject = 05621DA51BE52A5800B38613 /* Project object */;
}
